// !$*UTF8*$!
{
	archiveVersion = 1;
	classes = {
	};
	objectVersion = 56;
	objects = {

/* Begin PBXBuildFile section */
		7E26151B2CA280B700392BAC /* AppDelegate.swift in Sources */ = {isa = PBXBuildFile; fileRef = 7E26151A2CA280B700392BAC /* AppDelegate.swift */; };
		7E26151D2CA280B700392BAC /* SceneDelegate.swift in Sources */ = {isa = PBXBuildFile; fileRef = 7E26151C2CA280B700392BAC /* SceneDelegate.swift */; };
		7E26151F2CA280B700392BAC /* ViewController.swift in Sources */ = {isa = PBXBuildFile; fileRef = 7E26151E2CA280B700392BAC /* ViewController.swift */; };
		7E2615222CA280B700392BAC /* Base in Resources */ = {isa = PBXBuildFile; fileRef = 7E2615212CA280B700392BAC /* Base */; };
		7E2615242CA280B800392BAC /* Assets.xcassets in Resources */ = {isa = PBXBuildFile; fileRef = 7E2615232CA280B800392BAC /* Assets.xcassets */; };
		7E2615272CA280B800392BAC /* Base in Resources */ = {isa = PBXBuildFile; fileRef = 7E2615262CA280B800392BAC /* Base */; };
		7E2615322CA280B800392BAC /* _st_hw_KimSaRangTests.swift in Sources */ = {isa = PBXBuildFile; fileRef = 7E2615312CA280B800392BAC /* _st_hw_KimSaRangTests.swift */; };
		7E26153C2CA280B800392BAC /* _st_hw_KimSaRangUITests.swift in Sources */ = {isa = PBXBuildFile; fileRef = 7E26153B2CA280B800392BAC /* _st_hw_KimSaRangUITests.swift */; };
		7E26153E2CA280B800392BAC /* _st_hw_KimSaRangUITestsLaunchTests.swift in Sources */ = {isa = PBXBuildFile; fileRef = 7E26153D2CA280B800392BAC /* _st_hw_KimSaRangUITestsLaunchTests.swift */; };
		7E26154B2CA2909F00392BAC /* FirstViewController.swift in Sources */ = {isa = PBXBuildFile; fileRef = 7E26154A2CA2909F00392BAC /* FirstViewController.swift */; };
		7E26154D2CA290B500392BAC /* SecondViewController.swift in Sources */ = {isa = PBXBuildFile; fileRef = 7E26154C2CA290B500392BAC /* SecondViewController.swift */; };
		7E26154F2CA290ED00392BAC /* ThirdViewController.swift in Sources */ = {isa = PBXBuildFile; fileRef = 7E26154E2CA290ED00392BAC /* ThirdViewController.swift */; };
		7E2615512CA2910300392BAC /* FoViewController.swift in Sources */ = {isa = PBXBuildFile; fileRef = 7E2615502CA2910300392BAC /* FoViewController.swift */; };
		7E2615532CA2940000392BAC /* FiveViewContoller.swift in Sources */ = {isa = PBXBuildFile; fileRef = 7E2615522CA2940000392BAC /* FiveViewContoller.swift */; };
		7E26155E2CA3F29600392BAC /* CollectionViewTableViewCell.swift in Sources */ = {isa = PBXBuildFile; fileRef = 7E26155D2CA3F29600392BAC /* CollectionViewTableViewCell.swift */; };
		7E2615612CA47D0E00392BAC /* HeroHeaderUIView.swift in Sources */ = {isa = PBXBuildFile; fileRef = 7E2615602CA47D0E00392BAC /* HeroHeaderUIView.swift */; };
		7E8455362CA68F1A00AABBAC /* MockData.swift in Sources */ = {isa = PBXBuildFile; fileRef = 7E8455352CA68F1A00AABBAC /* MockData.swift */; };
/* End PBXBuildFile section */

/* Begin PBXContainerItemProxy section */
		7E26152E2CA280B800392BAC /* PBXContainerItemProxy */ = {
			isa = PBXContainerItemProxy;
			containerPortal = 7E26150F2CA280B700392BAC /* Project object */;
			proxyType = 1;
			remoteGlobalIDString = 7E2615162CA280B700392BAC;
			remoteInfo = 3st_hw_KimSaRang;
		};
		7E2615382CA280B800392BAC /* PBXContainerItemProxy */ = {
			isa = PBXContainerItemProxy;
			containerPortal = 7E26150F2CA280B700392BAC /* Project object */;
			proxyType = 1;
			remoteGlobalIDString = 7E2615162CA280B700392BAC;
			remoteInfo = 3st_hw_KimSaRang;
		};
/* End PBXContainerItemProxy section */

/* Begin PBXFileReference section */
		7E2615172CA280B700392BAC /* 3st_hw_KimSaRang.app */ = {isa = PBXFileReference; explicitFileType = wrapper.application; includeInIndex = 0; path = 3st_hw_KimSaRang.app; sourceTree = BUILT_PRODUCTS_DIR; };
		7E26151A2CA280B700392BAC /* AppDelegate.swift */ = {isa = PBXFileReference; lastKnownFileType = sourcecode.swift; path = AppDelegate.swift; sourceTree = "<group>"; };
		7E26151C2CA280B700392BAC /* SceneDelegate.swift */ = {isa = PBXFileReference; lastKnownFileType = sourcecode.swift; path = SceneDelegate.swift; sourceTree = "<group>"; };
		7E26151E2CA280B700392BAC /* ViewController.swift */ = {isa = PBXFileReference; lastKnownFileType = sourcecode.swift; path = ViewController.swift; sourceTree = "<group>"; };
		7E2615212CA280B700392BAC /* Base */ = {isa = PBXFileReference; lastKnownFileType = file.storyboard; name = Base; path = Base.lproj/Main.storyboard; sourceTree = "<group>"; };
		7E2615232CA280B800392BAC /* Assets.xcassets */ = {isa = PBXFileReference; lastKnownFileType = folder.assetcatalog; path = Assets.xcassets; sourceTree = "<group>"; };
		7E2615262CA280B800392BAC /* Base */ = {isa = PBXFileReference; lastKnownFileType = file.storyboard; name = Base; path = Base.lproj/LaunchScreen.storyboard; sourceTree = "<group>"; };
		7E2615282CA280B800392BAC /* Info.plist */ = {isa = PBXFileReference; lastKnownFileType = text.plist.xml; path = Info.plist; sourceTree = "<group>"; };
		7E26152D2CA280B800392BAC /* 3st_hw_KimSaRangTests.xctest */ = {isa = PBXFileReference; explicitFileType = wrapper.cfbundle; includeInIndex = 0; path = 3st_hw_KimSaRangTests.xctest; sourceTree = BUILT_PRODUCTS_DIR; };
		7E2615312CA280B800392BAC /* _st_hw_KimSaRangTests.swift */ = {isa = PBXFileReference; lastKnownFileType = sourcecode.swift; path = _st_hw_KimSaRangTests.swift; sourceTree = "<group>"; };
		7E2615372CA280B800392BAC /* 3st_hw_KimSaRangUITests.xctest */ = {isa = PBXFileReference; explicitFileType = wrapper.cfbundle; includeInIndex = 0; path = 3st_hw_KimSaRangUITests.xctest; sourceTree = BUILT_PRODUCTS_DIR; };
		7E26153B2CA280B800392BAC /* _st_hw_KimSaRangUITests.swift */ = {isa = PBXFileReference; lastKnownFileType = sourcecode.swift; path = _st_hw_KimSaRangUITests.swift; sourceTree = "<group>"; };
		7E26153D2CA280B800392BAC /* _st_hw_KimSaRangUITestsLaunchTests.swift */ = {isa = PBXFileReference; lastKnownFileType = sourcecode.swift; path = _st_hw_KimSaRangUITestsLaunchTests.swift; sourceTree = "<group>"; };
		7E26154A2CA2909F00392BAC /* FirstViewController.swift */ = {isa = PBXFileReference; lastKnownFileType = sourcecode.swift; path = FirstViewController.swift; sourceTree = "<group>"; };
		7E26154C2CA290B500392BAC /* SecondViewController.swift */ = {isa = PBXFileReference; lastKnownFileType = sourcecode.swift; path = SecondViewController.swift; sourceTree = "<group>"; };
		7E26154E2CA290ED00392BAC /* ThirdViewController.swift */ = {isa = PBXFileReference; lastKnownFileType = sourcecode.swift; path = ThirdViewController.swift; sourceTree = "<group>"; };
		7E2615502CA2910300392BAC /* FoViewController.swift */ = {isa = PBXFileReference; lastKnownFileType = sourcecode.swift; path = FoViewController.swift; sourceTree = "<group>"; };
		7E2615522CA2940000392BAC /* FiveViewContoller.swift */ = {isa = PBXFileReference; lastKnownFileType = sourcecode.swift; path = FiveViewContoller.swift; sourceTree = "<group>"; };
		7E26155D2CA3F29600392BAC /* CollectionViewTableViewCell.swift */ = {isa = PBXFileReference; lastKnownFileType = sourcecode.swift; path = CollectionViewTableViewCell.swift; sourceTree = "<group>"; };
		7E2615602CA47D0E00392BAC /* HeroHeaderUIView.swift */ = {isa = PBXFileReference; lastKnownFileType = sourcecode.swift; path = HeroHeaderUIView.swift; sourceTree = "<group>"; };
		7E8455352CA68F1A00AABBAC /* MockData.swift */ = {isa = PBXFileReference; lastKnownFileType = sourcecode.swift; path = MockData.swift; sourceTree = "<group>"; };
/* End PBXFileReference section */

/* Begin PBXFrameworksBuildPhase section */
		7E2615142CA280B700392BAC /* Frameworks */ = {
			isa = PBXFrameworksBuildPhase;
			buildActionMask = 2147483647;
			files = (
			);
			runOnlyForDeploymentPostprocessing = 0;
		};
		7E26152A2CA280B800392BAC /* Frameworks */ = {
			isa = PBXFrameworksBuildPhase;
			buildActionMask = 2147483647;
			files = (
			);
			runOnlyForDeploymentPostprocessing = 0;
		};
		7E2615342CA280B800392BAC /* Frameworks */ = {
			isa = PBXFrameworksBuildPhase;
			buildActionMask = 2147483647;
			files = (
			);
			runOnlyForDeploymentPostprocessing = 0;
		};
/* End PBXFrameworksBuildPhase section */

/* Begin PBXGroup section */
		7E26150E2CA280B700392BAC = {
			isa = PBXGroup;
			children = (
				7E2615192CA280B700392BAC /* 3st_hw_KimSaRang */,
				7E2615302CA280B800392BAC /* 3st_hw_KimSaRangTests */,
				7E26153A2CA280B800392BAC /* 3st_hw_KimSaRangUITests */,
				7E2615182CA280B700392BAC /* Products */,
			);
			sourceTree = "<group>";
		};
		7E2615182CA280B700392BAC /* Products */ = {
			isa = PBXGroup;
			children = (
				7E2615172CA280B700392BAC /* 3st_hw_KimSaRang.app */,
				7E26152D2CA280B800392BAC /* 3st_hw_KimSaRangTests.xctest */,
				7E2615372CA280B800392BAC /* 3st_hw_KimSaRangUITests.xctest */,
			);
			name = Products;
			sourceTree = "<group>";
		};
		7E2615192CA280B700392BAC /* 3st_hw_KimSaRang */ = {
			isa = PBXGroup;
			children = (
				7E2615562CA3F16100392BAC /* Views */,
				7E26155A2CA3F1CF00392BAC /* Controllers */,
				7E26151A2CA280B700392BAC /* AppDelegate.swift */,
				7E26151C2CA280B700392BAC /* SceneDelegate.swift */,
				7E26151E2CA280B700392BAC /* ViewController.swift */,
				7E2615202CA280B700392BAC /* Main.storyboard */,
				7E2615232CA280B800392BAC /* Assets.xcassets */,
				7E2615252CA280B800392BAC /* LaunchScreen.storyboard */,
				7E2615282CA280B800392BAC /* Info.plist */,
			);
			path = 3st_hw_KimSaRang;
			sourceTree = "<group>";
		};
		7E2615302CA280B800392BAC /* 3st_hw_KimSaRangTests */ = {
			isa = PBXGroup;
			children = (
				7E2615312CA280B800392BAC /* _st_hw_KimSaRangTests.swift */,
			);
			path = 3st_hw_KimSaRangTests;
			sourceTree = "<group>";
		};
		7E26153A2CA280B800392BAC /* 3st_hw_KimSaRangUITests */ = {
			isa = PBXGroup;
			children = (
				7E26153B2CA280B800392BAC /* _st_hw_KimSaRangUITests.swift */,
				7E26153D2CA280B800392BAC /* _st_hw_KimSaRangUITestsLaunchTests.swift */,
			);
			path = 3st_hw_KimSaRangUITests;
			sourceTree = "<group>";
		};
		7E2615562CA3F16100392BAC /* Views */ = {
			isa = PBXGroup;
			children = (
				7E26155D2CA3F29600392BAC /* CollectionViewTableViewCell.swift */,
				7E2615602CA47D0E00392BAC /* HeroHeaderUIView.swift */,
				7E8455352CA68F1A00AABBAC /* MockData.swift */,
			);
			path = Views;
			sourceTree = "<group>";
		};
		7E26155A2CA3F1CF00392BAC /* Controllers */ = {
			isa = PBXGroup;
			children = (
				7E26154A2CA2909F00392BAC /* FirstViewController.swift */,
				7E26154C2CA290B500392BAC /* SecondViewController.swift */,
				7E26154E2CA290ED00392BAC /* ThirdViewController.swift */,
				7E2615502CA2910300392BAC /* FoViewController.swift */,
				7E2615522CA2940000392BAC /* FiveViewContoller.swift */,
			);
			path = Controllers;
			sourceTree = "<group>";
		};
/* End PBXGroup section */

/* Begin PBXNativeTarget section */
		7E2615162CA280B700392BAC /* 3st_hw_KimSaRang */ = {
			isa = PBXNativeTarget;
			buildConfigurationList = 7E2615412CA280B800392BAC /* Build configuration list for PBXNativeTarget "3st_hw_KimSaRang" */;
			buildPhases = (
				7E2615132CA280B700392BAC /* Sources */,
				7E2615142CA280B700392BAC /* Frameworks */,
				7E2615152CA280B700392BAC /* Resources */,
			);
			buildRules = (
			);
			dependencies = (
			);
			name = 3st_hw_KimSaRang;
			productName = 3st_hw_KimSaRang;
			productReference = 7E2615172CA280B700392BAC /* 3st_hw_KimSaRang.app */;
			productType = "com.apple.product-type.application";
		};
		7E26152C2CA280B800392BAC /* 3st_hw_KimSaRangTests */ = {
			isa = PBXNativeTarget;
			buildConfigurationList = 7E2615442CA280B800392BAC /* Build configuration list for PBXNativeTarget "3st_hw_KimSaRangTests" */;
			buildPhases = (
				7E2615292CA280B800392BAC /* Sources */,
				7E26152A2CA280B800392BAC /* Frameworks */,
				7E26152B2CA280B800392BAC /* Resources */,
			);
			buildRules = (
			);
			dependencies = (
				7E26152F2CA280B800392BAC /* PBXTargetDependency */,
			);
			name = 3st_hw_KimSaRangTests;
			productName = 3st_hw_KimSaRangTests;
			productReference = 7E26152D2CA280B800392BAC /* 3st_hw_KimSaRangTests.xctest */;
			productType = "com.apple.product-type.bundle.unit-test";
		};
		7E2615362CA280B800392BAC /* 3st_hw_KimSaRangUITests */ = {
			isa = PBXNativeTarget;
			buildConfigurationList = 7E2615472CA280B800392BAC /* Build configuration list for PBXNativeTarget "3st_hw_KimSaRangUITests" */;
			buildPhases = (
				7E2615332CA280B800392BAC /* Sources */,
				7E2615342CA280B800392BAC /* Frameworks */,
				7E2615352CA280B800392BAC /* Resources */,
			);
			buildRules = (
			);
			dependencies = (
				7E2615392CA280B800392BAC /* PBXTargetDependency */,
			);
			name = 3st_hw_KimSaRangUITests;
			productName = 3st_hw_KimSaRangUITests;
			productReference = 7E2615372CA280B800392BAC /* 3st_hw_KimSaRangUITests.xctest */;
			productType = "com.apple.product-type.bundle.ui-testing";
		};
/* End PBXNativeTarget section */

/* Begin PBXProject section */
		7E26150F2CA280B700392BAC /* Project object */ = {
			isa = PBXProject;
			attributes = {
				BuildIndependentTargetsInParallel = 1;
				LastSwiftUpdateCheck = 1540;
				LastUpgradeCheck = 1540;
				TargetAttributes = {
					7E2615162CA280B700392BAC = {
						CreatedOnToolsVersion = 15.4;
					};
					7E26152C2CA280B800392BAC = {
						CreatedOnToolsVersion = 15.4;
						TestTargetID = 7E2615162CA280B700392BAC;
					};
					7E2615362CA280B800392BAC = {
						CreatedOnToolsVersion = 15.4;
						TestTargetID = 7E2615162CA280B700392BAC;
					};
				};
			};
			buildConfigurationList = 7E2615122CA280B700392BAC /* Build configuration list for PBXProject "3st_hw_KimSaRang" */;
			compatibilityVersion = "Xcode 14.0";
			developmentRegion = en;
			hasScannedForEncodings = 0;
			knownRegions = (
				en,
				Base,
			);
			mainGroup = 7E26150E2CA280B700392BAC;
			productRefGroup = 7E2615182CA280B700392BAC /* Products */;
			projectDirPath = "";
			projectRoot = "";
			targets = (
				7E2615162CA280B700392BAC /* 3st_hw_KimSaRang */,
				7E26152C2CA280B800392BAC /* 3st_hw_KimSaRangTests */,
				7E2615362CA280B800392BAC /* 3st_hw_KimSaRangUITests */,
			);
		};
/* End PBXProject section */

/* Begin PBXResourcesBuildPhase section */
		7E2615152CA280B700392BAC /* Resources */ = {
			isa = PBXResourcesBuildPhase;
			buildActionMask = 2147483647;
			files = (
				7E2615242CA280B800392BAC /* Assets.xcassets in Resources */,
				7E2615272CA280B800392BAC /* Base in Resources */,
				7E2615222CA280B700392BAC /* Base in Resources */,
			);
			runOnlyForDeploymentPostprocessing = 0;
		};
		7E26152B2CA280B800392BAC /* Resources */ = {
			isa = PBXResourcesBuildPhase;
			buildActionMask = 2147483647;
			files = (
			);
			runOnlyForDeploymentPostprocessing = 0;
		};
		7E2615352CA280B800392BAC /* Resources */ = {
			isa = PBXResourcesBuildPhase;
			buildActionMask = 2147483647;
			files = (
			);
			runOnlyForDeploymentPostprocessing = 0;
		};
/* End PBXResourcesBuildPhase section */

/* Begin PBXSourcesBuildPhase section */
		7E2615132CA280B700392BAC /* Sources */ = {
			isa = PBXSourcesBuildPhase;
			buildActionMask = 2147483647;
			files = (
				7E2615512CA2910300392BAC /* FoViewController.swift in Sources */,
				7E2615612CA47D0E00392BAC /* HeroHeaderUIView.swift in Sources */,
				7E2615532CA2940000392BAC /* FiveViewContoller.swift in Sources */,
				7E26151F2CA280B700392BAC /* ViewController.swift in Sources */,
				7E26151B2CA280B700392BAC /* AppDelegate.swift in Sources */,
				7E26151D2CA280B700392BAC /* SceneDelegate.swift in Sources */,
				7E26155E2CA3F29600392BAC /* CollectionViewTableViewCell.swift in Sources */,
				7E26154D2CA290B500392BAC /* SecondViewController.swift in Sources */,
				7E26154F2CA290ED00392BAC /* ThirdViewController.swift in Sources */,
				7E8455362CA68F1A00AABBAC /* MockData.swift in Sources */,
				7E26154B2CA2909F00392BAC /* FirstViewController.swift in Sources */,
			);
			runOnlyForDeploymentPostprocessing = 0;
		};
		7E2615292CA280B800392BAC /* Sources */ = {
			isa = PBXSourcesBuildPhase;
			buildActionMask = 2147483647;
			files = (
				7E2615322CA280B800392BAC /* _st_hw_KimSaRangTests.swift in Sources */,
			);
			runOnlyForDeploymentPostprocessing = 0;
		};
		7E2615332CA280B800392BAC /* Sources */ = {
			isa = PBXSourcesBuildPhase;
			buildActionMask = 2147483647;
			files = (
				7E26153E2CA280B800392BAC /* _st_hw_KimSaRangUITestsLaunchTests.swift in Sources */,
				7E26153C2CA280B800392BAC /* _st_hw_KimSaRangUITests.swift in Sources */,
			);
			runOnlyForDeploymentPostprocessing = 0;
		};
/* End PBXSourcesBuildPhase section */

/* Begin PBXTargetDependency section */
		7E26152F2CA280B800392BAC /* PBXTargetDependency */ = {
			isa = PBXTargetDependency;
			target = 7E2615162CA280B700392BAC /* 3st_hw_KimSaRang */;
			targetProxy = 7E26152E2CA280B800392BAC /* PBXContainerItemProxy */;
		};
		7E2615392CA280B800392BAC /* PBXTargetDependency */ = {
			isa = PBXTargetDependency;
			target = 7E2615162CA280B700392BAC /* 3st_hw_KimSaRang */;
			targetProxy = 7E2615382CA280B800392BAC /* PBXContainerItemProxy */;
		};
/* End PBXTargetDependency section */

/* Begin PBXVariantGroup section */
		7E2615202CA280B700392BAC /* Main.storyboard */ = {
			isa = PBXVariantGroup;
			children = (
				7E2615212CA280B700392BAC /* Base */,
			);
			name = Main.storyboard;
			sourceTree = "<group>";
		};
		7E2615252CA280B800392BAC /* LaunchScreen.storyboard */ = {
			isa = PBXVariantGroup;
			children = (
				7E2615262CA280B800392BAC /* Base */,
			);
			name = LaunchScreen.storyboard;
			sourceTree = "<group>";
		};
/* End PBXVariantGroup section */

/* Begin XCBuildConfiguration section */
		7E26153F2CA280B800392BAC /* Debug */ = {
			isa = XCBuildConfiguration;
			buildSettings = {
				ALWAYS_SEARCH_USER_PATHS = NO;
				ASSETCATALOG_COMPILER_GENERATE_SWIFT_ASSET_SYMBOL_EXTENSIONS = YES;
				CLANG_ANALYZER_NONNULL = YES;
				CLANG_ANALYZER_NUMBER_OBJECT_CONVERSION = YES_AGGRESSIVE;
				CLANG_CXX_LANGUAGE_STANDARD = "gnu++20";
				CLANG_ENABLE_MODULES = YES;
				CLANG_ENABLE_OBJC_ARC = YES;
				CLANG_ENABLE_OBJC_WEAK = YES;
				CLANG_WARN_BLOCK_CAPTURE_AUTORELEASING = YES;
				CLANG_WARN_BOOL_CONVERSION = YES;
				CLANG_WARN_COMMA = YES;
				CLANG_WARN_CONSTANT_CONVERSION = YES;
				CLANG_WARN_DEPRECATED_OBJC_IMPLEMENTATIONS = YES;
				CLANG_WARN_DIRECT_OBJC_ISA_USAGE = YES_ERROR;
				CLANG_WARN_DOCUMENTATION_COMMENTS = YES;
				CLANG_WARN_EMPTY_BODY = YES;
				CLANG_WARN_ENUM_CONVERSION = YES;
				CLANG_WARN_INFINITE_RECURSION = YES;
				CLANG_WARN_INT_CONVERSION = YES;
				CLANG_WARN_NON_LITERAL_NULL_CONVERSION = YES;
				CLANG_WARN_OBJC_IMPLICIT_RETAIN_SELF = YES;
				CLANG_WARN_OBJC_LITERAL_CONVERSION = YES;
				CLANG_WARN_OBJC_ROOT_CLASS = YES_ERROR;
				CLANG_WARN_QUOTED_INCLUDE_IN_FRAMEWORK_HEADER = YES;
				CLANG_WARN_RANGE_LOOP_ANALYSIS = YES;
				CLANG_WARN_STRICT_PROTOTYPES = YES;
				CLANG_WARN_SUSPICIOUS_MOVE = YES;
				CLANG_WARN_UNGUARDED_AVAILABILITY = YES_AGGRESSIVE;
				CLANG_WARN_UNREACHABLE_CODE = YES;
				CLANG_WARN__DUPLICATE_METHOD_MATCH = YES;
				COPY_PHASE_STRIP = NO;
				DEBUG_INFORMATION_FORMAT = dwarf;
				ENABLE_STRICT_OBJC_MSGSEND = YES;
				ENABLE_TESTABILITY = YES;
				ENABLE_USER_SCRIPT_SANDBOXING = YES;
				GCC_C_LANGUAGE_STANDARD = gnu17;
				GCC_DYNAMIC_NO_PIC = NO;
				GCC_NO_COMMON_BLOCKS = YES;
				GCC_OPTIMIZATION_LEVEL = 0;
				GCC_PREPROCESSOR_DEFINITIONS = (
					"DEBUG=1",
					"$(inherited)",
				);
				GCC_WARN_64_TO_32_BIT_CONVERSION = YES;
				GCC_WARN_ABOUT_RETURN_TYPE = YES_ERROR;
				GCC_WARN_UNDECLARED_SELECTOR = YES;
				GCC_WARN_UNINITIALIZED_AUTOS = YES_AGGRESSIVE;
				GCC_WARN_UNUSED_FUNCTION = YES;
				GCC_WARN_UNUSED_VARIABLE = YES;
				IPHONEOS_DEPLOYMENT_TARGET = 17.5;
				LOCALIZATION_PREFERS_STRING_CATALOGS = YES;
				MTL_ENABLE_DEBUG_INFO = INCLUDE_SOURCE;
				MTL_FAST_MATH = YES;
				ONLY_ACTIVE_ARCH = YES;
				SDKROOT = iphoneos;
				SWIFT_ACTIVE_COMPILATION_CONDITIONS = "DEBUG $(inherited)";
				SWIFT_OPTIMIZATION_LEVEL = "-Onone";
			};
			name = Debug;
		};
		7E2615402CA280B800392BAC /* Release */ = {
			isa = XCBuildConfiguration;
			buildSettings = {
				ALWAYS_SEARCH_USER_PATHS = NO;
				ASSETCATALOG_COMPILER_GENERATE_SWIFT_ASSET_SYMBOL_EXTENSIONS = YES;
				CLANG_ANALYZER_NONNULL = YES;
				CLANG_ANALYZER_NUMBER_OBJECT_CONVERSION = YES_AGGRESSIVE;
				CLANG_CXX_LANGUAGE_STANDARD = "gnu++20";
				CLANG_ENABLE_MODULES = YES;
				CLANG_ENABLE_OBJC_ARC = YES;
				CLANG_ENABLE_OBJC_WEAK = YES;
				CLANG_WARN_BLOCK_CAPTURE_AUTORELEASING = YES;
				CLANG_WARN_BOOL_CONVERSION = YES;
				CLANG_WARN_COMMA = YES;
				CLANG_WARN_CONSTANT_CONVERSION = YES;
				CLANG_WARN_DEPRECATED_OBJC_IMPLEMENTATIONS = YES;
				CLANG_WARN_DIRECT_OBJC_ISA_USAGE = YES_ERROR;
				CLANG_WARN_DOCUMENTATION_COMMENTS = YES;
				CLANG_WARN_EMPTY_BODY = YES;
				CLANG_WARN_ENUM_CONVERSION = YES;
				CLANG_WARN_INFINITE_RECURSION = YES;
				CLANG_WARN_INT_CONVERSION = YES;
				CLANG_WARN_NON_LITERAL_NULL_CONVERSION = YES;
				CLANG_WARN_OBJC_IMPLICIT_RETAIN_SELF = YES;
				CLANG_WARN_OBJC_LITERAL_CONVERSION = YES;
				CLANG_WARN_OBJC_ROOT_CLASS = YES_ERROR;
				CLANG_WARN_QUOTED_INCLUDE_IN_FRAMEWORK_HEADER = YES;
				CLANG_WARN_RANGE_LOOP_ANALYSIS = YES;
				CLANG_WARN_STRICT_PROTOTYPES = YES;
				CLANG_WARN_SUSPICIOUS_MOVE = YES;
				CLANG_WARN_UNGUARDED_AVAILABILITY = YES_AGGRESSIVE;
				CLANG_WARN_UNREACHABLE_CODE = YES;
				CLANG_WARN__DUPLICATE_METHOD_MATCH = YES;
				COPY_PHASE_STRIP = NO;
				DEBUG_INFORMATION_FORMAT = "dwarf-with-dsym";
				ENABLE_NS_ASSERTIONS = NO;
				ENABLE_STRICT_OBJC_MSGSEND = YES;
				ENABLE_USER_SCRIPT_SANDBOXING = YES;
				GCC_C_LANGUAGE_STANDARD = gnu17;
				GCC_NO_COMMON_BLOCKS = YES;
				GCC_WARN_64_TO_32_BIT_CONVERSION = YES;
				GCC_WARN_ABOUT_RETURN_TYPE = YES_ERROR;
				GCC_WARN_UNDECLARED_SELECTOR = YES;
				GCC_WARN_UNINITIALIZED_AUTOS = YES_AGGRESSIVE;
				GCC_WARN_UNUSED_FUNCTION = YES;
				GCC_WARN_UNUSED_VARIABLE = YES;
				IPHONEOS_DEPLOYMENT_TARGET = 17.5;
				LOCALIZATION_PREFERS_STRING_CATALOGS = YES;
				MTL_ENABLE_DEBUG_INFO = NO;
				MTL_FAST_MATH = YES;
				SDKROOT = iphoneos;
				SWIFT_COMPILATION_MODE = wholemodule;
				VALIDATE_PRODUCT = YES;
			};
			name = Release;
		};
		7E2615422CA280B800392BAC /* Debug */ = {
			isa = XCBuildConfiguration;
			buildSettings = {
				ASSETCATALOG_COMPILER_APPICON_NAME = AppIcon;
				ASSETCATALOG_COMPILER_GLOBAL_ACCENT_COLOR_NAME = AccentColor;
				CODE_SIGN_STYLE = Automatic;
				CURRENT_PROJECT_VERSION = 1;
				DEVELOPMENT_TEAM = VT8U9F825R;
				GENERATE_INFOPLIST_FILE = YES;
				INFOPLIST_FILE = 3st_hw_KimSaRang/Info.plist;
				INFOPLIST_KEY_UIApplicationSupportsIndirectInputEvents = YES;
				INFOPLIST_KEY_UILaunchStoryboardName = LaunchScreen;
				INFOPLIST_KEY_UIMainStoryboardFile = Main;
				INFOPLIST_KEY_UISupportedInterfaceOrientations_iPad = "UIInterfaceOrientationPortrait UIInterfaceOrientationPortraitUpsideDown UIInterfaceOrientationLandscapeLeft UIInterfaceOrientationLandscapeRight";
				INFOPLIST_KEY_UISupportedInterfaceOrientations_iPhone = "UIInterfaceOrientationPortrait UIInterfaceOrientationLandscapeLeft UIInterfaceOrientationLandscapeRight";
				LD_RUNPATH_SEARCH_PATHS = (
					"$(inherited)",
					"@executable_path/Frameworks",
				);
				MARKETING_VERSION = 1.0;
				PRODUCT_BUNDLE_IDENTIFIER = "com.sarangstudy.-st-hw-KimSaRang";
				PRODUCT_NAME = "$(TARGET_NAME)";
				SWIFT_EMIT_LOC_STRINGS = YES;
				SWIFT_VERSION = 5.0;
				TARGETED_DEVICE_FAMILY = "1,2";
			};
			name = Debug;
		};
		7E2615432CA280B800392BAC /* Release */ = {
			isa = XCBuildConfiguration;
			buildSettings = {
				ASSETCATALOG_COMPILER_APPICON_NAME = AppIcon;
				ASSETCATALOG_COMPILER_GLOBAL_ACCENT_COLOR_NAME = AccentColor;
				CODE_SIGN_STYLE = Automatic;
				CURRENT_PROJECT_VERSION = 1;
				DEVELOPMENT_TEAM = VT8U9F825R;
				GENERATE_INFOPLIST_FILE = YES;
				INFOPLIST_FILE = 3st_hw_KimSaRang/Info.plist;
				INFOPLIST_KEY_UIApplicationSupportsIndirectInputEvents = YES;
				INFOPLIST_KEY_UILaunchStoryboardName = LaunchScreen;
				INFOPLIST_KEY_UIMainStoryboardFile = Main;
				INFOPLIST_KEY_UISupportedInterfaceOrientations_iPad = "UIInterfaceOrientationPortrait UIInterfaceOrientationPortraitUpsideDown UIInterfaceOrientationLandscapeLeft UIInterfaceOrientationLandscapeRight";
				INFOPLIST_KEY_UISupportedInterfaceOrientations_iPhone = "UIInterfaceOrientationPortrait UIInterfaceOrientationLandscapeLeft UIInterfaceOrientationLandscapeRight";
				LD_RUNPATH_SEARCH_PATHS = (
					"$(inherited)",
					"@executable_path/Frameworks",
				);
				MARKETING_VERSION = 1.0;
				PRODUCT_BUNDLE_IDENTIFIER = "com.sarangstudy.-st-hw-KimSaRang";
				PRODUCT_NAME = "$(TARGET_NAME)";
				SWIFT_EMIT_LOC_STRINGS = YES;
				SWIFT_VERSION = 5.0;
				TARGETED_DEVICE_FAMILY = "1,2";
			};
			name = Release;
		};
		7E2615452CA280B800392BAC /* Debug */ = {
			isa = XCBuildConfiguration;
			buildSettings = {
				ALWAYS_EMBED_SWIFT_STANDARD_LIBRARIES = YES;
				BUNDLE_LOADER = "$(TEST_HOST)";
				CODE_SIGN_STYLE = Automatic;
				CURRENT_PROJECT_VERSION = 1;
				DEVELOPMENT_TEAM = VT8U9F825R;
				GENERATE_INFOPLIST_FILE = YES;
				IPHONEOS_DEPLOYMENT_TARGET = 17.5;
				MARKETING_VERSION = 1.0;
				PRODUCT_BUNDLE_IDENTIFIER = "com.sarangstudy.-st-hw-KimSaRangTests";
				PRODUCT_NAME = "$(TARGET_NAME)";
				SWIFT_EMIT_LOC_STRINGS = NO;
				SWIFT_VERSION = 5.0;
				TARGETED_DEVICE_FAMILY = "1,2";
				TEST_HOST = "$(BUILT_PRODUCTS_DIR)/3st_hw_KimSaRang.app/$(BUNDLE_EXECUTABLE_FOLDER_PATH)/3st_hw_KimSaRang";
			};
			name = Debug;
		};
		7E2615462CA280B800392BAC /* Release */ = {
			isa = XCBuildConfiguration;
			buildSettings = {
				ALWAYS_EMBED_SWIFT_STANDARD_LIBRARIES = YES;
				BUNDLE_LOADER = "$(TEST_HOST)";
				CODE_SIGN_STYLE = Automatic;
				CURRENT_PROJECT_VERSION = 1;
				DEVELOPMENT_TEAM = VT8U9F825R;
				GENERATE_INFOPLIST_FILE = YES;
				IPHONEOS_DEPLOYMENT_TARGET = 17.5;
				MARKETING_VERSION = 1.0;
				PRODUCT_BUNDLE_IDENTIFIER = "com.sarangstudy.-st-hw-KimSaRangTests";
				PRODUCT_NAME = "$(TARGET_NAME)";
				SWIFT_EMIT_LOC_STRINGS = NO;
				SWIFT_VERSION = 5.0;
				TARGETED_DEVICE_FAMILY = "1,2";
				TEST_HOST = "$(BUILT_PRODUCTS_DIR)/3st_hw_KimSaRang.app/$(BUNDLE_EXECUTABLE_FOLDER_PATH)/3st_hw_KimSaRang";
			};
			name = Release;
		};
		7E2615482CA280B800392BAC /* Debug */ = {
			isa = XCBuildConfiguration;
			buildSettings = {
				ALWAYS_EMBED_SWIFT_STANDARD_LIBRARIES = YES;
				CODE_SIGN_STYLE = Automatic;
				CURRENT_PROJECT_VERSION = 1;
				DEVELOPMENT_TEAM = VT8U9F825R;
				GENERATE_INFOPLIST_FILE = YES;
				MARKETING_VERSION = 1.0;
				PRODUCT_BUNDLE_IDENTIFIER = "com.sarangstudy.-st-hw-KimSaRangUITests";
				PRODUCT_NAME = "$(TARGET_NAME)";
				SWIFT_EMIT_LOC_STRINGS = NO;
				SWIFT_VERSION = 5.0;
				TARGETED_DEVICE_FAMILY = "1,2";
				TEST_TARGET_NAME = 3st_hw_KimSaRang;
			};
			name = Debug;
		};
		7E2615492CA280B800392BAC /* Release */ = {
			isa = XCBuildConfiguration;
			buildSettings = {
				ALWAYS_EMBED_SWIFT_STANDARD_LIBRARIES = YES;
				CODE_SIGN_STYLE = Automatic;
				CURRENT_PROJECT_VERSION = 1;
				DEVELOPMENT_TEAM = VT8U9F825R;
				GENERATE_INFOPLIST_FILE = YES;
				MARKETING_VERSION = 1.0;
				PRODUCT_BUNDLE_IDENTIFIER = "com.sarangstudy.-st-hw-KimSaRangUITests";
				PRODUCT_NAME = "$(TARGET_NAME)";
				SWIFT_EMIT_LOC_STRINGS = NO;
				SWIFT_VERSION = 5.0;
				TARGETED_DEVICE_FAMILY = "1,2";
				TEST_TARGET_NAME = 3st_hw_KimSaRang;
			};
			name = Release;
		};
/* End XCBuildConfiguration section */

/* Begin XCConfigurationList section */
		7E2615122CA280B700392BAC /* Build configuration list for PBXProject "3st_hw_KimSaRang" */ = {
			isa = XCConfigurationList;
			buildConfigurations = (
				7E26153F2CA280B800392BAC /* Debug */,
				7E2615402CA280B800392BAC /* Release */,
			);
			defaultConfigurationIsVisible = 0;
			defaultConfigurationName = Release;
		};
		7E2615412CA280B800392BAC /* Build configuration list for PBXNativeTarget "3st_hw_KimSaRang" */ = {
			isa = XCConfigurationList;
			buildConfigurations = (
				7E2615422CA280B800392BAC /* Debug */,
				7E2615432CA280B800392BAC /* Release */,
			);
			defaultConfigurationIsVisible = 0;
			defaultConfigurationName = Release;
		};
		7E2615442CA280B800392BAC /* Build configuration list for PBXNativeTarget "3st_hw_KimSaRangTests" */ = {
			isa = XCConfigurationList;
			buildConfigurations = (
				7E2615452CA280B800392BAC /* Debug */,
				7E2615462CA280B800392BAC /* Release */,
			);
			defaultConfigurationIsVisible = 0;
			defaultConfigurationName = Release;
		};
		7E2615472CA280B800392BAC /* Build configuration list for PBXNativeTarget "3st_hw_KimSaRangUITests" */ = {
			isa = XCConfigurationList;
			buildConfigurations = (
				7E2615482CA280B800392BAC /* Debug */,
				7E2615492CA280B800392BAC /* Release */,
			);
			defaultConfigurationIsVisible = 0;
			defaultConfigurationName = Release;
		};
/* End XCConfigurationList section */
	};
	rootObject = 7E26150F2CA280B700392BAC /* Project object */;
}
